
Microsoft Visual Studio Solution File, Format Version 12.00
# Visual Studio 14
VisualStudioVersion = 14.0.25123.0
MinimumVisualStudioVersion = 10.0.40219.1
Project("{FAE04EC0-301F-11D3-BF4B-00C04F79EFBC}") = "AutoMapperMappingPrioritiesSamples", "AutoMapperMappingPrioritiesSamples\AutoMapperMappingPrioritiesSamples.csproj", "{34932471-6D8D-4518-8E85-5CD5BE405A0E}"
EndProject
Global
	GlobalSection(SolutionConfigurationPlatforms) = preSolution
		Debug|Any CPU = Debug|Any CPU
		Release|Any CPU = Release|Any CPU
	EndGlobalSection
	GlobalSection(ProjectConfigurationPlatforms) = postSolution
		{34932471-6D8D-4518-8E85-5CD5BE405A0E}.Debug|Any CPU.ActiveCfg = Debug|Any CPU
		{34932471-6D8D-4518-8E85-5CD5BE405A0E}.Debug|Any CPU.Build.0 = Debug|Any CPU
		{34932471-6D8D-4518-8E85-5CD5BE405A0E}.Release|Any CPU.ActiveCfg = Release|Any CPU
		{34932471-6D8D-4518-8E85-5CD5BE405A0E}.Release|Any CPU.Build.0 = Release|Any CPU
	EndGlobalSection
	GlobalSection(SolutionProperties) = preSolution
		HideSolutionNode = FALSE
	EndGlobalSection
EndGlobal
